
Microsoft Visual Studio Solution File, Format Version 12.00
# Visual Studio Version 17
VisualStudioVersion = 17.9.34607.119
MinimumVisualStudioVersion = 10.0.40219.1
Project("{FAE04EC0-301F-11D3-BF4B-00C04F79EFBC}") = "C971", "C971.csproj", "{062063E3-0232-4FCC-9088-C63C4AD31F48}"
EndProject
Global
	GlobalSection(SolutionConfigurationPlatforms) = preSolution
		Debug|Any CPU = Debug|Any CPU
		Release|Any CPU = Release|Any CPU
	EndGlobalSection
	GlobalSection(ProjectConfigurationPlatforms) = postSolution
		{062063E3-0232-4FCC-9088-C63C4AD31F48}.Debug|Any CPU.ActiveCfg = Debug|Any CPU
		{062063E3-0232-4FCC-9088-C63C4AD31F48}.Debug|Any CPU.Build.0 = Debug|Any CPU
		{062063E3-0232-4FCC-9088-C63C4AD31F48}.Debug|Any CPU.Deploy.0 = Debug|Any CPU
		{062063E3-0232-4FCC-9088-C63C4AD31F48}.Release|Any CPU.ActiveCfg = Release|Any CPU
		{062063E3-0232-4FCC-9088-C63C4AD31F48}.Release|Any CPU.Build.0 = Release|Any CPU
		{062063E3-0232-4FCC-9088-C63C4AD31F48}.Release|Any CPU.Deploy.0 = Release|Any CPU
	EndGlobalSection
	GlobalSection(SolutionProperties) = preSolution
		HideSolutionNode = FALSE
	EndGlobalSection
	GlobalSection(ExtensibilityGlobals) = postSolution
		SolutionGuid = {94FB47C9-4D83-483B-A93D-0E572FDF19C6}
	EndGlobalSection
EndGlobal
